{
  "lockfileVersion": 1,
  "dependencies": {
    "@agm/core": {
      "version": "1.0.0-beta.0",
      "resolved": "https://registry.npmjs.org/@agm/core/-/core-1.0.0-beta.0.tgz",
      "integrity": "sha1-XKU/DvoyHh4kx7o6a+cvlrzPgqQ="
    },
    "@types/googlemaps": {
      "version": "3.26.13",
      "resolved": "https://registry.npmjs.org/@types/googlemaps/-/googlemaps-3.26.13.tgz",
      "integrity": "sha512-k9XyYNypB/tTISNQfvB4auX8dkJ10s9vtYLpvprXQaKkb/Js/FMCQxdIl7RVpyThGOItD0ZRnYkkzJX6GR/wHQ==",
      "dev": true
    },
    "angular-google-places-map": {
      "version": "1.2.1",
      "resolved": "https://registry.npmjs.org/angular-google-places-map/-/angular-google-places-map-1.2.1.tgz",
      "integrity": "sha1-Z2k7I3xC93KZ8P7rRP9UZeShBR4="
    },
    "angular2": {
      "version": "https://registry.npmjs.org/angular2/-/angular2-2.0.0-beta.0.tgz",
      "integrity": "sha1-l0E/q8Hq8VR6CBujrUxhcy21SDc="
    },
    "angular2-google-maps": {
      "version": "0.17.0",
      "resolved": "https://registry.npmjs.org/angular2-google-maps/-/angular2-google-maps-0.17.0.tgz",
      "integrity": "sha1-rYNm+k5cVt4LiyDwA7X3odoG/+M="
    },
    "es6-module-loader": {
      "version": "https://registry.npmjs.org/es6-module-loader/-/es6-module-loader-0.17.11.tgz",
      "integrity": "sha1-CU8ELjtNMIa8/Rc4Cv+r38mfNdc="
    },
    "rxjs": {
      "version": "5.0.0-beta.0",
      "resolved": "https://registry.npmjs.org/rxjs/-/rxjs-5.0.0-beta.0.tgz",
      "integrity": "sha1-GUWsWqxm0zhFbAwKZqkdiK6BQQ8="
    },
    "systemjs": {
      "version": "https://registry.npmjs.org/systemjs/-/systemjs-0.19.6.tgz",
      "integrity": "sha1-ZDB0ge0d1sB8Hx4jZ69yyZ6Y40c="
    },
    "typescript": {
      "version": "https://registry.npmjs.org/typescript/-/typescript-1.7.5.tgz",
      "integrity": "sha1-qA/CMdm5Wv650Q8FiVYEKN0KBF4=",
      "dev": true
    },
    "when": {
      "version": "https://registry.npmjs.org/when/-/when-3.7.8.tgz",
      "integrity": "sha1-xxMLan6gRpPoQs3J56Hyqjmjn4I="
    }
  }
}
